
Microsoft Visual Studio Solution File, Format Version 12.00
# Visual Studio Version 17
VisualStudioVersion = 17.10.35027.167
MinimumVisualStudioVersion = 10.0.40219.1
Project("{FAE04EC0-301F-11D3-BF4B-00C04F79EFBC}") = "Online Banking System_WinForms", "Online Banking System_WinForms\Online Banking System_WinForms.csproj", "{5B23F1D9-1D98-45B7-8C11-CBE0C03BF46D}"
EndProject
Global
	GlobalSection(SolutionConfigurationPlatforms) = preSolution
		Debug|Any CPU = Debug|Any CPU
		Release|Any CPU = Release|Any CPU
	EndGlobalSection
	GlobalSection(ProjectConfigurationPlatforms) = postSolution
		{5B23F1D9-1D98-45B7-8C11-CBE0C03BF46D}.Debug|Any CPU.ActiveCfg = Debug|Any CPU
		{5B23F1D9-1D98-45B7-8C11-CBE0C03BF46D}.Debug|Any CPU.Build.0 = Debug|Any CPU
		{5B23F1D9-1D98-45B7-8C11-CBE0C03BF46D}.Release|Any CPU.ActiveCfg = Release|Any CPU
		{5B23F1D9-1D98-45B7-8C11-CBE0C03BF46D}.Release|Any CPU.Build.0 = Release|Any CPU
	EndGlobalSection
	GlobalSection(SolutionProperties) = preSolution
		HideSolutionNode = FALSE
	EndGlobalSection
	GlobalSection(ExtensibilityGlobals) = postSolution
		SolutionGuid = {1B48E20B-E11B-4B7F-809D-74B5D57F39EB}
	EndGlobalSection
EndGlobal
